
Microsoft Visual Studio Solution File, Format Version 12.00
# Visual Studio Version 17
VisualStudioVersion = 17.1.32319.34
MinimumVisualStudioVersion = 10.0.40219.1
Project("{9A19103F-16F7-4668-BE54-9A1E7A4F7556}") = "HW6_ball", "HW6_ball.csproj", "{4357E73F-86B2-43DB-8506-5AF8B2E9BEB7}"
EndProject
Global
	GlobalSection(SolutionConfigurationPlatforms) = preSolution
		Debug|Any CPU = Debug|Any CPU
		Release|Any CPU = Release|Any CPU
	EndGlobalSection
	GlobalSection(ProjectConfigurationPlatforms) = postSolution
		{4357E73F-86B2-43DB-8506-5AF8B2E9BEB7}.Debug|Any CPU.ActiveCfg = Debug|Any CPU
		{4357E73F-86B2-43DB-8506-5AF8B2E9BEB7}.Debug|Any CPU.Build.0 = Debug|Any CPU
		{4357E73F-86B2-43DB-8506-5AF8B2E9BEB7}.Release|Any CPU.ActiveCfg = Release|Any CPU
		{4357E73F-86B2-43DB-8506-5AF8B2E9BEB7}.Release|Any CPU.Build.0 = Release|Any CPU
	EndGlobalSection
	GlobalSection(SolutionProperties) = preSolution
		HideSolutionNode = FALSE
	EndGlobalSection
	GlobalSection(ExtensibilityGlobals) = postSolution
		SolutionGuid = {DD6691D1-513F-4DFD-AD2A-A2A2B2044EA0}
	EndGlobalSection
EndGlobal
